{
  "name": "srccetus",
  "version": "1.0.0",
  "lockfileVersion": 3,
  "requires": true,
  "packages": {
    "": {
      "name": "srccetus",
      "version": "1.0.0",
      "license": "ISC",
      "dependencies": {
        "@xmldom/xmldom": "^0.8.10",
        "algebrite": "^1.4.0",
        "commander": "^12.1.0",
        "xpath": "^0.0.34"
      },
      "bin": {
        "srccetus": "build/index.js"
      },
      "devDependencies": {
        "@types/node": "^20.8.6",
        "typescript": "^5.4.5"
      }
    },
    "node_modules/@types/node": {
      "version": "20.14.0",
      "resolved": "https://registry.npmjs.org/@types/node/-/node-20.14.0.tgz",
      "integrity": "sha512-5cHBxFGJx6L4s56Bubp4fglrEpmyJypsqI6RgzMfBHWUJQGWAAi8cWcgetEbZXHYXo9C2Fa4EEds/uSyS4cxmA==",
      "dev": true,
      "dependencies": {
        "undici-types": "~5.26.4"
      }
    },
    "node_modules/@xmldom/xmldom": {
      "version": "0.8.10",
      "resolved": "https://registry.npmjs.org/@xmldom/xmldom/-/xmldom-0.8.10.tgz",
      "integrity": "sha512-2WALfTl4xo2SkGCYRt6rDTFfk9R1czmBvUQy12gK2KuRKIpWEhcbbzy8EZXtz/jkRqHX8bFEc6FC1HjX4TUWYw==",
      "engines": {
        "node": ">=10.0.0"
      }
    },
    "node_modules/algebrite": {
      "version": "1.4.0",
      "resolved": "https://registry.npmjs.org/algebrite/-/algebrite-1.4.0.tgz",
      "integrity": "sha512-YPqD1baZOjuRnvR6xwyGYDJ9OvcqkPLLuxFAxnTGYVnKadzA5PyoMXm8mA1pYCE2xloMSgcZkTL1cXkK5C87cg==",
      "dependencies": {
        "big-integer": "^1.6.32"
      }
    },
    "node_modules/big-integer": {
      "version": "1.6.52",
      "resolved": "https://registry.npmjs.org/big-integer/-/big-integer-1.6.52.tgz",
      "integrity": "sha512-QxD8cf2eVqJOOz63z6JIN9BzvVs/dlySa5HGSBH5xtR8dPteIRQnBxxKqkNTiT6jbDTF6jAfrd4oMcND9RGbQg==",
      "engines": {
        "node": ">=0.6"
      }
    },
    "node_modules/commander": {
      "version": "12.1.0",
      "resolved": "https://registry.npmjs.org/commander/-/commander-12.1.0.tgz",
      "integrity": "sha512-Vw8qHK3bZM9y/P10u3Vib8o/DdkvA2OtPtZvD871QKjy74Wj1WSKFILMPRPSdUSx5RFK1arlJzEtA4PkFgnbuA==",
      "engines": {
        "node": ">=18"
      }
    },
    "node_modules/typescript": {
      "version": "5.4.5",
      "resolved": "https://registry.npmjs.org/typescript/-/typescript-5.4.5.tgz",
      "integrity": "sha512-vcI4UpRgg81oIRUFwR0WSIHKt11nJ7SAVlYNIu+QpqeyXP+gpQJy/Z4+F0aGxSE4MqwjyXvW/TzgkLAx2AGHwQ==",
      "dev": true,
      "bin": {
        "tsc": "bin/tsc",
        "tsserver": "bin/tsserver"
      },
      "engines": {
        "node": ">=14.17"
      }
    },
    "node_modules/undici-types": {
      "version": "5.26.5",
      "resolved": "https://registry.npmjs.org/undici-types/-/undici-types-5.26.5.tgz",
      "integrity": "sha512-JlCMO+ehdEIKqlFxk6IfVoAUVmgz7cU7zD/h9XZ0qzeosSHmUJVOzSQvvYSYWXkFXC+IfLKSIffhv0sVZup6pA==",
      "dev": true
    },
    "node_modules/xpath": {
      "version": "0.0.34",
      "resolved": "https://registry.npmjs.org/xpath/-/xpath-0.0.34.tgz",
      "integrity": "sha512-FxF6+rkr1rNSQrhUNYrAFJpRXNzlDoMxeXN5qI84939ylEv3qqPFKa85Oxr6tDaJKqwW6KKyo2v26TSv3k6LeA==",
      "engines": {
        "node": ">=0.6.0"
      }
    }
  }
}
